
Microsoft Visual Studio Solution File, Format Version 12.00
# Visual Studio Version 17
VisualStudioVersion = 17.9.34723.18
MinimumVisualStudioVersion = 10.0.40219.1
Project("{FAE04EC0-301F-11D3-BF4B-00C04F79EFBC}") = "Labb2Linq", "Labb2Linq.csproj", "{01725CF5-5B07-493A-A643-302CC62EBED6}"
EndProject
Global
	GlobalSection(SolutionConfigurationPlatforms) = preSolution
		Debug|Any CPU = Debug|Any CPU
		Release|Any CPU = Release|Any CPU
	EndGlobalSection
	GlobalSection(ProjectConfigurationPlatforms) = postSolution
		{01725CF5-5B07-493A-A643-302CC62EBED6}.Debug|Any CPU.ActiveCfg = Debug|Any CPU
		{01725CF5-5B07-493A-A643-302CC62EBED6}.Debug|Any CPU.Build.0 = Debug|Any CPU
		{01725CF5-5B07-493A-A643-302CC62EBED6}.Release|Any CPU.ActiveCfg = Release|Any CPU
		{01725CF5-5B07-493A-A643-302CC62EBED6}.Release|Any CPU.Build.0 = Release|Any CPU
	EndGlobalSection
	GlobalSection(SolutionProperties) = preSolution
		HideSolutionNode = FALSE
	EndGlobalSection
	GlobalSection(ExtensibilityGlobals) = postSolution
		SolutionGuid = {D69AEF4A-F9FE-41CD-B5AA-B1B106D1F838}
	EndGlobalSection
EndGlobal
